
Microsoft Visual Studio Solution File, Format Version 11.00
# Visual Studio 2010
Project("{FAE04EC0-301F-11D3-BF4B-00C04F79EFBC}") = "BabyDraw", "BabyDraw\BabyDraw.csproj", "{38DE3817-EFAC-4DC8-85C0-F1EFFACD77B3}"
EndProject
Global
	GlobalSection(SolutionConfigurationPlatforms) = preSolution
		Debug|iPhoneSimulator = Debug|iPhoneSimulator
		Release|iPhoneSimulator = Release|iPhoneSimulator
		Debug|iPhone = Debug|iPhone
		Release|iPhone = Release|iPhone
	EndGlobalSection
	GlobalSection(ProjectConfigurationPlatforms) = postSolution
		{38DE3817-EFAC-4DC8-85C0-F1EFFACD77B3}.Debug|iPhone.ActiveCfg = Debug|iPhone
		{38DE3817-EFAC-4DC8-85C0-F1EFFACD77B3}.Debug|iPhone.Build.0 = Debug|iPhone
		{38DE3817-EFAC-4DC8-85C0-F1EFFACD77B3}.Debug|iPhoneSimulator.ActiveCfg = Debug|iPhoneSimulator
		{38DE3817-EFAC-4DC8-85C0-F1EFFACD77B3}.Debug|iPhoneSimulator.Build.0 = Debug|iPhoneSimulator
		{38DE3817-EFAC-4DC8-85C0-F1EFFACD77B3}.Release|iPhone.ActiveCfg = Release|iPhone
		{38DE3817-EFAC-4DC8-85C0-F1EFFACD77B3}.Release|iPhone.Build.0 = Release|iPhone
		{38DE3817-EFAC-4DC8-85C0-F1EFFACD77B3}.Release|iPhoneSimulator.ActiveCfg = Release|iPhoneSimulator
		{38DE3817-EFAC-4DC8-85C0-F1EFFACD77B3}.Release|iPhoneSimulator.Build.0 = Release|iPhoneSimulator
	EndGlobalSection
	GlobalSection(MonoDevelopProperties) = preSolution
		StartupItem = BabyDraw\BabyDraw.csproj
	EndGlobalSection
EndGlobal
